
Microsoft Visual Studio Solution File, Format Version 12.00
# Visual Studio Version 17
VisualStudioVersion = 17.0.31903.59
MinimumVisualStudioVersion = 10.0.40219.1
Project("{F2A71F9B-5D33-465A-A702-920D77279786}") = "Task-01-01", "Task-01-01\Task-01-01.fsproj", "{06289488-6FEA-4008-8CF9-0A620657F1BA}"
EndProject
Project("{F2A71F9B-5D33-465A-A702-920D77279786}") = "Task-01-02", "Task-01-02\Task-01-02.fsproj", "{F4714EB0-CF0A-4189-B726-1252A7A0B2EE}"
EndProject
Project("{F2A71F9B-5D33-465A-A702-920D77279786}") = "Task-02-01", "Task-02-01\Task-02-01.fsproj", "{A867EF65-96DE-4EE2-9C54-03446C96EB24}"
EndProject
Project("{F2A71F9B-5D33-465A-A702-920D77279786}") = "Task-02-02", "Task-02-02\Task-02-02.fsproj", "{ABA991BA-C1FF-4B9A-BBC2-D315458B5E82}"
EndProject
Project("{F2A71F9B-5D33-465A-A702-920D77279786}") = "Task-03-01", "Task-03-01\Task-03-01.fsproj", "{7FF2E651-509C-47C8-9981-ADFE39DE2065}"
EndProject
Project("{F2A71F9B-5D33-465A-A702-920D77279786}") = "Task-03-02", "Task-03-02\Task-03-02.fsproj", "{14DC598D-D1D4-494F-A45B-2871D3262120}"
EndProject
Project("{F2A71F9B-5D33-465A-A702-920D77279786}") = "Task-04-01", "Task-04-01\Task-04-01.fsproj", "{3F84353C-8A88-447A-91AF-563D26EC7026}"
EndProject
Project("{F2A71F9B-5D33-465A-A702-920D77279786}") = "Task-04-02", "Task-04-02\Task-04-02.fsproj", "{DCF58CC3-F192-44F6-9005-186214BDF32C}"
EndProject
Project("{F2A71F9B-5D33-465A-A702-920D77279786}") = "Task-05-01", "Task-05-01\Task-05-01.fsproj", "{B1DD4B49-5FC0-47AC-B84D-882D818DC936}"
EndProject
Global
	GlobalSection(SolutionConfigurationPlatforms) = preSolution
		Debug|Any CPU = Debug|Any CPU
		Release|Any CPU = Release|Any CPU
	EndGlobalSection
	GlobalSection(SolutionProperties) = preSolution
		HideSolutionNode = FALSE
	EndGlobalSection
	GlobalSection(ProjectConfigurationPlatforms) = postSolution
		{06289488-6FEA-4008-8CF9-0A620657F1BA}.Debug|Any CPU.ActiveCfg = Debug|Any CPU
		{06289488-6FEA-4008-8CF9-0A620657F1BA}.Debug|Any CPU.Build.0 = Debug|Any CPU
		{06289488-6FEA-4008-8CF9-0A620657F1BA}.Release|Any CPU.ActiveCfg = Release|Any CPU
		{06289488-6FEA-4008-8CF9-0A620657F1BA}.Release|Any CPU.Build.0 = Release|Any CPU
		{F4714EB0-CF0A-4189-B726-1252A7A0B2EE}.Debug|Any CPU.ActiveCfg = Debug|Any CPU
		{F4714EB0-CF0A-4189-B726-1252A7A0B2EE}.Debug|Any CPU.Build.0 = Debug|Any CPU
		{F4714EB0-CF0A-4189-B726-1252A7A0B2EE}.Release|Any CPU.ActiveCfg = Release|Any CPU
		{F4714EB0-CF0A-4189-B726-1252A7A0B2EE}.Release|Any CPU.Build.0 = Release|Any CPU
		{A867EF65-96DE-4EE2-9C54-03446C96EB24}.Debug|Any CPU.ActiveCfg = Debug|Any CPU
		{A867EF65-96DE-4EE2-9C54-03446C96EB24}.Debug|Any CPU.Build.0 = Debug|Any CPU
		{A867EF65-96DE-4EE2-9C54-03446C96EB24}.Release|Any CPU.ActiveCfg = Release|Any CPU
		{A867EF65-96DE-4EE2-9C54-03446C96EB24}.Release|Any CPU.Build.0 = Release|Any CPU
		{ABA991BA-C1FF-4B9A-BBC2-D315458B5E82}.Debug|Any CPU.ActiveCfg = Debug|Any CPU
		{ABA991BA-C1FF-4B9A-BBC2-D315458B5E82}.Debug|Any CPU.Build.0 = Debug|Any CPU
		{ABA991BA-C1FF-4B9A-BBC2-D315458B5E82}.Release|Any CPU.ActiveCfg = Release|Any CPU
		{ABA991BA-C1FF-4B9A-BBC2-D315458B5E82}.Release|Any CPU.Build.0 = Release|Any CPU
		{7FF2E651-509C-47C8-9981-ADFE39DE2065}.Debug|Any CPU.ActiveCfg = Debug|Any CPU
		{7FF2E651-509C-47C8-9981-ADFE39DE2065}.Debug|Any CPU.Build.0 = Debug|Any CPU
		{7FF2E651-509C-47C8-9981-ADFE39DE2065}.Release|Any CPU.ActiveCfg = Release|Any CPU
		{7FF2E651-509C-47C8-9981-ADFE39DE2065}.Release|Any CPU.Build.0 = Release|Any CPU
		{14DC598D-D1D4-494F-A45B-2871D3262120}.Debug|Any CPU.ActiveCfg = Debug|Any CPU
		{14DC598D-D1D4-494F-A45B-2871D3262120}.Debug|Any CPU.Build.0 = Debug|Any CPU
		{14DC598D-D1D4-494F-A45B-2871D3262120}.Release|Any CPU.ActiveCfg = Release|Any CPU
		{14DC598D-D1D4-494F-A45B-2871D3262120}.Release|Any CPU.Build.0 = Release|Any CPU
		{3F84353C-8A88-447A-91AF-563D26EC7026}.Debug|Any CPU.ActiveCfg = Debug|Any CPU
		{3F84353C-8A88-447A-91AF-563D26EC7026}.Debug|Any CPU.Build.0 = Debug|Any CPU
		{3F84353C-8A88-447A-91AF-563D26EC7026}.Release|Any CPU.ActiveCfg = Release|Any CPU
		{3F84353C-8A88-447A-91AF-563D26EC7026}.Release|Any CPU.Build.0 = Release|Any CPU
		{DCF58CC3-F192-44F6-9005-186214BDF32C}.Debug|Any CPU.ActiveCfg = Debug|Any CPU
		{DCF58CC3-F192-44F6-9005-186214BDF32C}.Debug|Any CPU.Build.0 = Debug|Any CPU
		{DCF58CC3-F192-44F6-9005-186214BDF32C}.Release|Any CPU.ActiveCfg = Release|Any CPU
		{DCF58CC3-F192-44F6-9005-186214BDF32C}.Release|Any CPU.Build.0 = Release|Any CPU
		{B1DD4B49-5FC0-47AC-B84D-882D818DC936}.Debug|Any CPU.ActiveCfg = Debug|Any CPU
		{B1DD4B49-5FC0-47AC-B84D-882D818DC936}.Debug|Any CPU.Build.0 = Debug|Any CPU
		{B1DD4B49-5FC0-47AC-B84D-882D818DC936}.Release|Any CPU.ActiveCfg = Release|Any CPU
		{B1DD4B49-5FC0-47AC-B84D-882D818DC936}.Release|Any CPU.Build.0 = Release|Any CPU
	EndGlobalSection
EndGlobal
