
Microsoft Visual Studio Solution File, Format Version 12.00
# Visual Studio Version 17
VisualStudioVersion = 17.0.31903.59
MinimumVisualStudioVersion = 10.0.40219.1
Project("{F2A71F9B-5D33-465A-A702-920D77279786}") = "Task-01-01", "Task-01-01\Task-01-01.fsproj", "{06289488-6FEA-4008-8CF9-0A620657F1BA}"
EndProject
Project("{F2A71F9B-5D33-465A-A702-920D77279786}") = "Task-01-02", "Task-01-02\Task-01-02.fsproj", "{F4714EB0-CF0A-4189-B726-1252A7A0B2EE}"
EndProject
Project("{F2A71F9B-5D33-465A-A702-920D77279786}") = "Task-02-01", "Task-02-01\Task-02-01.fsproj", "{A867EF65-96DE-4EE2-9C54-03446C96EB24}"
EndProject
Global
	GlobalSection(SolutionConfigurationPlatforms) = preSolution
		Debug|Any CPU = Debug|Any CPU
		Release|Any CPU = Release|Any CPU
	EndGlobalSection
	GlobalSection(SolutionProperties) = preSolution
		HideSolutionNode = FALSE
	EndGlobalSection
	GlobalSection(ProjectConfigurationPlatforms) = postSolution
		{06289488-6FEA-4008-8CF9-0A620657F1BA}.Debug|Any CPU.ActiveCfg = Debug|Any CPU
		{06289488-6FEA-4008-8CF9-0A620657F1BA}.Debug|Any CPU.Build.0 = Debug|Any CPU
		{06289488-6FEA-4008-8CF9-0A620657F1BA}.Release|Any CPU.ActiveCfg = Release|Any CPU
		{06289488-6FEA-4008-8CF9-0A620657F1BA}.Release|Any CPU.Build.0 = Release|Any CPU
		{F4714EB0-CF0A-4189-B726-1252A7A0B2EE}.Debug|Any CPU.ActiveCfg = Debug|Any CPU
		{F4714EB0-CF0A-4189-B726-1252A7A0B2EE}.Debug|Any CPU.Build.0 = Debug|Any CPU
		{F4714EB0-CF0A-4189-B726-1252A7A0B2EE}.Release|Any CPU.ActiveCfg = Release|Any CPU
		{F4714EB0-CF0A-4189-B726-1252A7A0B2EE}.Release|Any CPU.Build.0 = Release|Any CPU
		{A867EF65-96DE-4EE2-9C54-03446C96EB24}.Debug|Any CPU.ActiveCfg = Debug|Any CPU
		{A867EF65-96DE-4EE2-9C54-03446C96EB24}.Debug|Any CPU.Build.0 = Debug|Any CPU
		{A867EF65-96DE-4EE2-9C54-03446C96EB24}.Release|Any CPU.ActiveCfg = Release|Any CPU
		{A867EF65-96DE-4EE2-9C54-03446C96EB24}.Release|Any CPU.Build.0 = Release|Any CPU
	EndGlobalSection
EndGlobal
